
Microsoft Visual Studio Solution File, Format Version 12.00
# Visual Studio Version 17
VisualStudioVersion = 17.10.35027.167
MinimumVisualStudioVersion = 10.0.40219.1
Project("{9A19103F-16F7-4668-BE54-9A1E7A4F7556}") = "InterviewProp", "InterviewProp\InterviewProp.csproj", "{34290BF6-1265-4983-9048-011200B0D0ED}"
EndProject
Project("{2150E333-8FDC-42A3-9474-1A3956D46DE8}") = "Solution Items", "Solution Items", "{42BF0ECF-48DE-4CC0-8331-E4D1D44E2B19}"
	ProjectSection(SolutionItems) = preProject
		README.md = README.md
		assets\Recording 2024-08-06 165311.gif = assets\Recording 2024-08-06 165311.gif
		assets\Recording2024-08-06175535-ezgif.com-video-to-gif-converter.gif = assets\Recording2024-08-06175535-ezgif.com-video-to-gif-converter.gif
		assets\Recording2024-08-06235624-ezgif.com-video-to-gif-converter.gif = assets\Recording2024-08-06235624-ezgif.com-video-to-gif-converter.gif
	EndProjectSection
EndProject
Global
	GlobalSection(SolutionConfigurationPlatforms) = preSolution
		Debug|Any CPU = Debug|Any CPU
		Release|Any CPU = Release|Any CPU
	EndGlobalSection
	GlobalSection(ProjectConfigurationPlatforms) = postSolution
		{34290BF6-1265-4983-9048-011200B0D0ED}.Debug|Any CPU.ActiveCfg = Debug|Any CPU
		{34290BF6-1265-4983-9048-011200B0D0ED}.Debug|Any CPU.Build.0 = Debug|Any CPU
		{34290BF6-1265-4983-9048-011200B0D0ED}.Release|Any CPU.ActiveCfg = Release|Any CPU
		{34290BF6-1265-4983-9048-011200B0D0ED}.Release|Any CPU.Build.0 = Release|Any CPU
	EndGlobalSection
	GlobalSection(SolutionProperties) = preSolution
		HideSolutionNode = FALSE
	EndGlobalSection
	GlobalSection(ExtensibilityGlobals) = postSolution
		SolutionGuid = {E0701792-DE87-4839-8E38-1C5B47FAE66E}
	EndGlobalSection
EndGlobal
